<?xml version="1.0" encoding="UTF-8" standalone="yes" ?>
<CodeBlocks_project_file>
	<FileVersion major="1" minor="6" />
	<Project>
		<Option title="ProjetCompteBancaire" />
		<Option pch_mode="2" />
		<Option compiler="gcc" />
		<Build>
			<Target title="Debug">
				<Option output="bin/Debug/ProjetCompteBancaire" prefix_auto="1" extension_auto="1" />
				<Option object_output="obj/Debug/" />
				<Option type="1" />
				<Option compiler="gcc" />
				<Compiler>
					<Add option="-g" />
					<Add directory="include" />
				</Compiler>
			</Target>
			<Target title="Release">
				<Option output="bin/Release/ProjetCompteBancaire" prefix_auto="1" extension_auto="1" />
				<Option object_output="obj/Release/" />
				<Option type="1" />
				<Option compiler="gcc" />
				<Compiler>
					<Add option="-O2" />
					<Add directory="include" />
				</Compiler>
				<Linker>
					<Add option="-s" />
				</Linker>
			</Target>
		</Build>
		<Compiler>
			<Add option="-Wall" />
			<Add option="-fexceptions" />
		</Compiler>
		<Unit filename="../../../../Downloads/sqlite-amalgamation-3470000/sqlite3.h" />
		<Unit filename="../../../../Downloads/sqlite-amalgamation-3470000/sqlite3ext.h" />
		<Unit filename="include/Banque.h" />
		<Unit filename="include/CompteBancaire.h" />
		<Unit filename="include/Database.h" />
		<Unit filename="main.cpp" />
		<Unit filename="src/Banque.cpp" />
		<Unit filename="src/CompteBancaire.cpp" />
		<Unit filename="src/Database.cpp" />
		<Extensions />
	</Project>
</CodeBlocks_project_file>
